// !$*UTF8*$!
{
	archiveVersion = 1;
	classes = {
	};
	objectVersion = 46;
	objects = {

/* Begin PBXBuildFile section */
		AA07E6571C523DD300C9AEFC /* AppDelegate.swift in Sources */ = {isa = PBXBuildFile; fileRef = AA07E6561C523DD300C9AEFC /* AppDelegate.swift */; };
		AA07E6591C523DD300C9AEFC /* ViewController.swift in Sources */ = {isa = PBXBuildFile; fileRef = AA07E6581C523DD300C9AEFC /* ViewController.swift */; };
		AA07E65C1C523DD300C9AEFC /* Main.storyboard in Resources */ = {isa = PBXBuildFile; fileRef = AA07E65A1C523DD300C9AEFC /* Main.storyboard */; };
		AA07E65E1C523DD300C9AEFC /* Assets.xcassets in Resources */ = {isa = PBXBuildFile; fileRef = AA07E65D1C523DD300C9AEFC /* Assets.xcassets */; };
		AA07E6611C523DD300C9AEFC /* LaunchScreen.storyboard in Resources */ = {isa = PBXBuildFile; fileRef = AA07E65F1C523DD300C9AEFC /* LaunchScreen.storyboard */; };
		AA07E66C1C523DD300C9AEFC /* __________Tests.swift in Sources */ = {isa = PBXBuildFile; fileRef = AA07E66B1C523DD300C9AEFC /* __________Tests.swift */; };
		AA07E6771C523DD300C9AEFC /* __________UITests.swift in Sources */ = {isa = PBXBuildFile; fileRef = AA07E6761C523DD300C9AEFC /* __________UITests.swift */; };
/* End PBXBuildFile section */

/* Begin PBXContainerItemProxy section */
		AA07E6681C523DD300C9AEFC /* PBXContainerItemProxy */ = {
			isa = PBXContainerItemProxy;
			containerPortal = AA07E64B1C523DD300C9AEFC /* Project object */;
			proxyType = 1;
			remoteGlobalIDString = AA07E6521C523DD300C9AEFC;
			remoteInfo = "録音アプリ　お試し";
		};
		AA07E6731C523DD300C9AEFC /* PBXContainerItemProxy */ = {
			isa = PBXContainerItemProxy;
			containerPortal = AA07E64B1C523DD300C9AEFC /* Project object */;
			proxyType = 1;
			remoteGlobalIDString = AA07E6521C523DD300C9AEFC;
			remoteInfo = "録音アプリ　お試し";
		};
/* End PBXContainerItemProxy section */

/* Begin PBXFileReference section */
		AA07E6531C523DD300C9AEFC /* 録音アプリ　お試し.app */ = {isa = PBXFileReference; explicitFileType = wrapper.application; includeInIndex = 0; path = "録音アプリ　お試し.app"; sourceTree = BUILT_PRODUCTS_DIR; };
		AA07E6561C523DD300C9AEFC /* AppDelegate.swift */ = {isa = PBXFileReference; lastKnownFileType = sourcecode.swift; path = AppDelegate.swift; sourceTree = "<group>"; };
		AA07E6581C523DD300C9AEFC /* ViewController.swift */ = {isa = PBXFileReference; lastKnownFileType = sourcecode.swift; path = ViewController.swift; sourceTree = "<group>"; };
		AA07E65B1C523DD300C9AEFC /* Base */ = {isa = PBXFileReference; lastKnownFileType = file.storyboard; name = Base; path = Base.lproj/Main.storyboard; sourceTree = "<group>"; };
		AA07E65D1C523DD300C9AEFC /* Assets.xcassets */ = {isa = PBXFileReference; lastKnownFileType = folder.assetcatalog; path = Assets.xcassets; sourceTree = "<group>"; };
		AA07E6601C523DD300C9AEFC /* Base */ = {isa = PBXFileReference; lastKnownFileType = file.storyboard; name = Base; path = Base.lproj/LaunchScreen.storyboard; sourceTree = "<group>"; };
		AA07E6621C523DD300C9AEFC /* Info.plist */ = {isa = PBXFileReference; lastKnownFileType = text.plist.xml; path = Info.plist; sourceTree = "<group>"; };
		AA07E6671C523DD300C9AEFC /* 録音アプリ　お試しTests.xctest */ = {isa = PBXFileReference; explicitFileType = wrapper.cfbundle; includeInIndex = 0; path = "録音アプリ　お試しTests.xctest"; sourceTree = BUILT_PRODUCTS_DIR; };
		AA07E66B1C523DD300C9AEFC /* __________Tests.swift */ = {isa = PBXFileReference; lastKnownFileType = sourcecode.swift; path = "__________Tests.swift"; sourceTree = "<group>"; };
		AA07E66D1C523DD300C9AEFC /* Info.plist */ = {isa = PBXFileReference; lastKnownFileType = text.plist.xml; path = Info.plist; sourceTree = "<group>"; };
		AA07E6721C523DD300C9AEFC /* 録音アプリ　お試しUITests.xctest */ = {isa = PBXFileReference; explicitFileType = wrapper.cfbundle; includeInIndex = 0; path = "録音アプリ　お試しUITests.xctest"; sourceTree = BUILT_PRODUCTS_DIR; };
		AA07E6761C523DD300C9AEFC /* __________UITests.swift */ = {isa = PBXFileReference; lastKnownFileType = sourcecode.swift; path = "__________UITests.swift"; sourceTree = "<group>"; };
		AA07E6781C523DD300C9AEFC /* Info.plist */ = {isa = PBXFileReference; lastKnownFileType = text.plist.xml; path = Info.plist; sourceTree = "<group>"; };
/* End PBXFileReference section */

/* Begin PBXFrameworksBuildPhase section */
		AA07E6501C523DD300C9AEFC /* Frameworks */ = {
			isa = PBXFrameworksBuildPhase;
			buildActionMask = 2147483647;
			files = (
			);
			runOnlyForDeploymentPostprocessing = 0;
		};
		AA07E6641C523DD300C9AEFC /* Frameworks */ = {
			isa = PBXFrameworksBuildPhase;
			buildActionMask = 2147483647;
			files = (
			);
			runOnlyForDeploymentPostprocessing = 0;
		};
		AA07E66F1C523DD300C9AEFC /* Frameworks */ = {
			isa = PBXFrameworksBuildPhase;
			buildActionMask = 2147483647;
			files = (
			);
			runOnlyForDeploymentPostprocessing = 0;
		};
/* End PBXFrameworksBuildPhase section */

/* Begin PBXGroup section */
		AA07E64A1C523DD300C9AEFC = {
			isa = PBXGroup;
			children = (
				AA07E6551C523DD300C9AEFC /* 録音アプリ　お試し */,
				AA07E66A1C523DD300C9AEFC /* 録音アプリ　お試しTests */,
				AA07E6751C523DD300C9AEFC /* 録音アプリ　お試しUITests */,
				AA07E6541C523DD300C9AEFC /* Products */,
			);
			sourceTree = "<group>";
		};
		AA07E6541C523DD300C9AEFC /* Products */ = {
			isa = PBXGroup;
			children = (
				AA07E6531C523DD300C9AEFC /* 録音アプリ　お試し.app */,
				AA07E6671C523DD300C9AEFC /* 録音アプリ　お試しTests.xctest */,
				AA07E6721C523DD300C9AEFC /* 録音アプリ　お試しUITests.xctest */,
			);
			name = Products;
			sourceTree = "<group>";
		};
		AA07E6551C523DD300C9AEFC /* 録音アプリ　お試し */ = {
			isa = PBXGroup;
			children = (
				AA07E6561C523DD300C9AEFC /* AppDelegate.swift */,
				AA07E6581C523DD300C9AEFC /* ViewController.swift */,
				AA07E65A1C523DD300C9AEFC /* Main.storyboard */,
				AA07E65D1C523DD300C9AEFC /* Assets.xcassets */,
				AA07E65F1C523DD300C9AEFC /* LaunchScreen.storyboard */,
				AA07E6621C523DD300C9AEFC /* Info.plist */,
			);
			path = "録音アプリ　お試し";
			sourceTree = "<group>";
		};
		AA07E66A1C523DD300C9AEFC /* 録音アプリ　お試しTests */ = {
			isa = PBXGroup;
			children = (
				AA07E66B1C523DD300C9AEFC /* __________Tests.swift */,
				AA07E66D1C523DD300C9AEFC /* Info.plist */,
			);
			path = "録音アプリ　お試しTests";
			sourceTree = "<group>";
		};
		AA07E6751C523DD300C9AEFC /* 録音アプリ　お試しUITests */ = {
			isa = PBXGroup;
			children = (
				AA07E6761C523DD300C9AEFC /* __________UITests.swift */,
				AA07E6781C523DD300C9AEFC /* Info.plist */,
			);
			path = "録音アプリ　お試しUITests";
			sourceTree = "<group>";
		};
/* End PBXGroup section */

/* Begin PBXNativeTarget section */
		AA07E6521C523DD300C9AEFC /* 録音アプリ　お試し */ = {
			isa = PBXNativeTarget;
			buildConfigurationList = AA07E67B1C523DD300C9AEFC /* Build configuration list for PBXNativeTarget "録音アプリ　お試し" */;
			buildPhases = (
				AA07E64F1C523DD300C9AEFC /* Sources */,
				AA07E6501C523DD300C9AEFC /* Frameworks */,
				AA07E6511C523DD300C9AEFC /* Resources */,
			);
			buildRules = (
			);
			dependencies = (
			);
			name = "録音アプリ　お試し";
			productName = "録音アプリ　お試し";
			productReference = AA07E6531C523DD300C9AEFC /* 録音アプリ　お試し.app */;
			productType = "com.apple.product-type.application";
		};
		AA07E6661C523DD300C9AEFC /* 録音アプリ　お試しTests */ = {
			isa = PBXNativeTarget;
			buildConfigurationList = AA07E67E1C523DD300C9AEFC /* Build configuration list for PBXNativeTarget "録音アプリ　お試しTests" */;
			buildPhases = (
				AA07E6631C523DD300C9AEFC /* Sources */,
				AA07E6641C523DD300C9AEFC /* Frameworks */,
				AA07E6651C523DD300C9AEFC /* Resources */,
			);
			buildRules = (
			);
			dependencies = (
				AA07E6691C523DD300C9AEFC /* PBXTargetDependency */,
			);
			name = "録音アプリ　お試しTests";
			productName = "録音アプリ　お試しTests";
			productReference = AA07E6671C523DD300C9AEFC /* 録音アプリ　お試しTests.xctest */;
			productType = "com.apple.product-type.bundle.unit-test";
		};
		AA07E6711C523DD300C9AEFC /* 録音アプリ　お試しUITests */ = {
			isa = PBXNativeTarget;
			buildConfigurationList = AA07E6811C523DD300C9AEFC /* Build configuration list for PBXNativeTarget "録音アプリ　お試しUITests" */;
			buildPhases = (
				AA07E66E1C523DD300C9AEFC /* Sources */,
				AA07E66F1C523DD300C9AEFC /* Frameworks */,
				AA07E6701C523DD300C9AEFC /* Resources */,
			);
			buildRules = (
			);
			dependencies = (
				AA07E6741C523DD300C9AEFC /* PBXTargetDependency */,
			);
			name = "録音アプリ　お試しUITests";
			productName = "録音アプリ　お試しUITests";
			productReference = AA07E6721C523DD300C9AEFC /* 録音アプリ　お試しUITests.xctest */;
			productType = "com.apple.product-type.bundle.ui-testing";
		};
/* End PBXNativeTarget section */

/* Begin PBXProject section */
		AA07E64B1C523DD300C9AEFC /* Project object */ = {
			isa = PBXProject;
			attributes = {
				LastSwiftUpdateCheck = 0720;
				LastUpgradeCheck = 0720;
				ORGANIZATIONNAME = "Yuma Yamamoto";
				TargetAttributes = {
					AA07E6521C523DD300C9AEFC = {
						CreatedOnToolsVersion = 7.2;
						DevelopmentTeam = 6RPXLK33K6;
					};
					AA07E6661C523DD300C9AEFC = {
						CreatedOnToolsVersion = 7.2;
						DevelopmentTeam = 6RPXLK33K6;
						TestTargetID = AA07E6521C523DD300C9AEFC;
					};
					AA07E6711C523DD300C9AEFC = {
						CreatedOnToolsVersion = 7.2;
						DevelopmentTeam = 6RPXLK33K6;
						TestTargetID = AA07E6521C523DD300C9AEFC;
					};
				};
			};
			buildConfigurationList = AA07E64E1C523DD300C9AEFC /* Build configuration list for PBXProject "録音アプリ　お試し" */;
			compatibilityVersion = "Xcode 3.2";
			developmentRegion = English;
			hasScannedForEncodings = 0;
			knownRegions = (
				en,
				Base,
			);
			mainGroup = AA07E64A1C523DD300C9AEFC;
			productRefGroup = AA07E6541C523DD300C9AEFC /* Products */;
			projectDirPath = "";
			projectRoot = "";
			targets = (
				AA07E6521C523DD300C9AEFC /* 録音アプリ　お試し */,
				AA07E6661C523DD300C9AEFC /* 録音アプリ　お試しTests */,
				AA07E6711C523DD300C9AEFC /* 録音アプリ　お試しUITests */,
			);
		};
/* End PBXProject section */

/* Begin PBXResourcesBuildPhase section */
		AA07E6511C523DD300C9AEFC /* Resources */ = {
			isa = PBXResourcesBuildPhase;
			buildActionMask = 2147483647;
			files = (
				AA07E6611C523DD300C9AEFC /* LaunchScreen.storyboard in Resources */,
				AA07E65E1C523DD300C9AEFC /* Assets.xcassets in Resources */,
				AA07E65C1C523DD300C9AEFC /* Main.storyboard in Resources */,
			);
			runOnlyForDeploymentPostprocessing = 0;
		};
		AA07E6651C523DD300C9AEFC /* Resources */ = {
			isa = PBXResourcesBuildPhase;
			buildActionMask = 2147483647;
			files = (
			);
			runOnlyForDeploymentPostprocessing = 0;
		};
		AA07E6701C523DD300C9AEFC /* Resources */ = {
			isa = PBXResourcesBuildPhase;
			buildActionMask = 2147483647;
			files = (
			);
			runOnlyForDeploymentPostprocessing = 0;
		};
/* End PBXResourcesBuildPhase section */

/* Begin PBXSourcesBuildPhase section */
		AA07E64F1C523DD300C9AEFC /* Sources */ = {
			isa = PBXSourcesBuildPhase;
			buildActionMask = 2147483647;
			files = (
				AA07E6591C523DD300C9AEFC /* ViewController.swift in Sources */,
				AA07E6571C523DD300C9AEFC /* AppDelegate.swift in Sources */,
			);
			runOnlyForDeploymentPostprocessing = 0;
		};
		AA07E6631C523DD300C9AEFC /* Sources */ = {
			isa = PBXSourcesBuildPhase;
			buildActionMask = 2147483647;
			files = (
				AA07E66C1C523DD300C9AEFC /* __________Tests.swift in Sources */,
			);
			runOnlyForDeploymentPostprocessing = 0;
		};
		AA07E66E1C523DD300C9AEFC /* Sources */ = {
			isa = PBXSourcesBuildPhase;
			buildActionMask = 2147483647;
			files = (
				AA07E6771C523DD300C9AEFC /* __________UITests.swift in Sources */,
			);
			runOnlyForDeploymentPostprocessing = 0;
		};
/* End PBXSourcesBuildPhase section */

/* Begin PBXTargetDependency section */
		AA07E6691C523DD300C9AEFC /* PBXTargetDependency */ = {
			isa = PBXTargetDependency;
			target = AA07E6521C523DD300C9AEFC /* 録音アプリ　お試し */;
			targetProxy = AA07E6681C523DD300C9AEFC /* PBXContainerItemProxy */;
		};
		AA07E6741C523DD300C9AEFC /* PBXTargetDependency */ = {
			isa = PBXTargetDependency;
			target = AA07E6521C523DD300C9AEFC /* 録音アプリ　お試し */;
			targetProxy = AA07E6731C523DD300C9AEFC /* PBXContainerItemProxy */;
		};
/* End PBXTargetDependency section */

/* Begin PBXVariantGroup section */
		AA07E65A1C523DD300C9AEFC /* Main.storyboard */ = {
			isa = PBXVariantGroup;
			children = (
				AA07E65B1C523DD300C9AEFC /* Base */,
			);
			name = Main.storyboard;
			sourceTree = "<group>";
		};
		AA07E65F1C523DD300C9AEFC /* LaunchScreen.storyboard */ = {
			isa = PBXVariantGroup;
			children = (
				AA07E6601C523DD300C9AEFC /* Base */,
			);
			name = LaunchScreen.storyboard;
			sourceTree = "<group>";
		};
/* End PBXVariantGroup section */

/* Begin XCBuildConfiguration section */
		AA07E6791C523DD300C9AEFC /* Debug */ = {
			isa = XCBuildConfiguration;
			buildSettings = {
				ALWAYS_SEARCH_USER_PATHS = NO;
				CLANG_CXX_LANGUAGE_STANDARD = "gnu++0x";
				CLANG_CXX_LIBRARY = "libc++";
				CLANG_ENABLE_MODULES = YES;
				CLANG_ENABLE_OBJC_ARC = YES;
				CLANG_WARN_BOOL_CONVERSION = YES;
				CLANG_WARN_CONSTANT_CONVERSION = YES;
				CLANG_WARN_DIRECT_OBJC_ISA_USAGE = YES_ERROR;
				CLANG_WARN_EMPTY_BODY = YES;
				CLANG_WARN_ENUM_CONVERSION = YES;
				CLANG_WARN_INT_CONVERSION = YES;
				CLANG_WARN_OBJC_ROOT_CLASS = YES_ERROR;
				CLANG_WARN_UNREACHABLE_CODE = YES;
				CLANG_WARN__DUPLICATE_METHOD_MATCH = YES;
				"CODE_SIGN_IDENTITY[sdk=iphoneos*]" = "iPhone Developer";
				COPY_PHASE_STRIP = NO;
				DEBUG_INFORMATION_FORMAT = dwarf;
				ENABLE_STRICT_OBJC_MSGSEND = YES;
				ENABLE_TESTABILITY = YES;
				GCC_C_LANGUAGE_STANDARD = gnu99;
				GCC_DYNAMIC_NO_PIC = NO;
				GCC_NO_COMMON_BLOCKS = YES;
				GCC_OPTIMIZATION_LEVEL = 0;
				GCC_PREPROCESSOR_DEFINITIONS = (
					"DEBUG=1",
					"$(inherited)",
				);
				GCC_WARN_64_TO_32_BIT_CONVERSION = YES;
				GCC_WARN_ABOUT_RETURN_TYPE = YES_ERROR;
				GCC_WARN_UNDECLARED_SELECTOR = YES;
				GCC_WARN_UNINITIALIZED_AUTOS = YES_AGGRESSIVE;
				GCC_WARN_UNUSED_FUNCTION = YES;
				GCC_WARN_UNUSED_VARIABLE = YES;
				IPHONEOS_DEPLOYMENT_TARGET = 9.2;
				MTL_ENABLE_DEBUG_INFO = YES;
				ONLY_ACTIVE_ARCH = YES;
				SDKROOT = iphoneos;
				SWIFT_OPTIMIZATION_LEVEL = "-Onone";
			};
			name = Debug;
		};
		AA07E67A1C523DD300C9AEFC /* Release */ = {
			isa = XCBuildConfiguration;
			buildSettings = {
				ALWAYS_SEARCH_USER_PATHS = NO;
				CLANG_CXX_LANGUAGE_STANDARD = "gnu++0x";
				CLANG_CXX_LIBRARY = "libc++";
				CLANG_ENABLE_MODULES = YES;
				CLANG_ENABLE_OBJC_ARC = YES;
				CLANG_WARN_BOOL_CONVERSION = YES;
				CLANG_WARN_CONSTANT_CONVERSION = YES;
				CLANG_WARN_DIRECT_OBJC_ISA_USAGE = YES_ERROR;
				CLANG_WARN_EMPTY_BODY = YES;
				CLANG_WARN_ENUM_CONVERSION = YES;
				CLANG_WARN_INT_CONVERSION = YES;
				CLANG_WARN_OBJC_ROOT_CLASS = YES_ERROR;
				CLANG_WARN_UNREACHABLE_CODE = YES;
				CLANG_WARN__DUPLICATE_METHOD_MATCH = YES;
				"CODE_SIGN_IDENTITY[sdk=iphoneos*]" = "iPhone Developer";
				COPY_PHASE_STRIP = NO;
				DEBUG_INFORMATION_FORMAT = "dwarf-with-dsym";
				ENABLE_NS_ASSERTIONS = NO;
				ENABLE_STRICT_OBJC_MSGSEND = YES;
				GCC_C_LANGUAGE_STANDARD = gnu99;
				GCC_NO_COMMON_BLOCKS = YES;
				GCC_WARN_64_TO_32_BIT_CONVERSION = YES;
				GCC_WARN_ABOUT_RETURN_TYPE = YES_ERROR;
				GCC_WARN_UNDECLARED_SELECTOR = YES;
				GCC_WARN_UNINITIALIZED_AUTOS = YES_AGGRESSIVE;
				GCC_WARN_UNUSED_FUNCTION = YES;
				GCC_WARN_UNUSED_VARIABLE = YES;
				IPHONEOS_DEPLOYMENT_TARGET = 9.2;
				MTL_ENABLE_DEBUG_INFO = NO;
				SDKROOT = iphoneos;
				VALIDATE_PRODUCT = YES;
			};
			name = Release;
		};
		AA07E67C1C523DD300C9AEFC /* Debug */ = {
			isa = XCBuildConfiguration;
			buildSettings = {
				ASSETCATALOG_COMPILER_APPICON_NAME = AppIcon;
				INFOPLIST_FILE = "録音アプリ　お試し/Info.plist";
				LD_RUNPATH_SEARCH_PATHS = "$(inherited) @executable_path/Frameworks";
				PRODUCT_BUNDLE_IDENTIFIER = "yuma-yamamoto.----------";
				PRODUCT_NAME = "$(TARGET_NAME)";
			};
			name = Debug;
		};
		AA07E67D1C523DD300C9AEFC /* Release */ = {
			isa = XCBuildConfiguration;
			buildSettings = {
				ASSETCATALOG_COMPILER_APPICON_NAME = AppIcon;
				INFOPLIST_FILE = "録音アプリ　お試し/Info.plist";
				LD_RUNPATH_SEARCH_PATHS = "$(inherited) @executable_path/Frameworks";
				PRODUCT_BUNDLE_IDENTIFIER = "yuma-yamamoto.----------";
				PRODUCT_NAME = "$(TARGET_NAME)";
			};
			name = Release;
		};
		AA07E67F1C523DD300C9AEFC /* Debug */ = {
			isa = XCBuildConfiguration;
			buildSettings = {
				BUNDLE_LOADER = "$(TEST_HOST)";
				INFOPLIST_FILE = "録音アプリ　お試しTests/Info.plist";
				LD_RUNPATH_SEARCH_PATHS = "$(inherited) @executable_path/Frameworks @loader_path/Frameworks";
				PRODUCT_BUNDLE_IDENTIFIER = "yuma-yamamoto.----------Tests";
				PRODUCT_NAME = "$(TARGET_NAME)";
				TEST_HOST = "$(BUILT_PRODUCTS_DIR)/録音アプリ　お試し.app/録音アプリ　お試し";
			};
			name = Debug;
		};
		AA07E6801C523DD300C9AEFC /* Release */ = {
			isa = XCBuildConfiguration;
			buildSettings = {
				BUNDLE_LOADER = "$(TEST_HOST)";
				INFOPLIST_FILE = "録音アプリ　お試しTests/Info.plist";
				LD_RUNPATH_SEARCH_PATHS = "$(inherited) @executable_path/Frameworks @loader_path/Frameworks";
				PRODUCT_BUNDLE_IDENTIFIER = "yuma-yamamoto.----------Tests";
				PRODUCT_NAME = "$(TARGET_NAME)";
				TEST_HOST = "$(BUILT_PRODUCTS_DIR)/録音アプリ　お試し.app/録音アプリ　お試し";
			};
			name = Release;
		};
		AA07E6821C523DD300C9AEFC /* Debug */ = {
			isa = XCBuildConfiguration;
			buildSettings = {
				INFOPLIST_FILE = "録音アプリ　お試しUITests/Info.plist";
				LD_RUNPATH_SEARCH_PATHS = "$(inherited) @executable_path/Frameworks @loader_path/Frameworks";
				PRODUCT_BUNDLE_IDENTIFIER = "yuma-yamamoto.----------UITests";
				PRODUCT_NAME = "$(TARGET_NAME)";
				TEST_TARGET_NAME = "録音アプリ　お試し";
				USES_XCTRUNNER = YES;
			};
			name = Debug;
		};
		AA07E6831C523DD300C9AEFC /* Release */ = {
			isa = XCBuildConfiguration;
			buildSettings = {
				INFOPLIST_FILE = "録音アプリ　お試しUITests/Info.plist";
				LD_RUNPATH_SEARCH_PATHS = "$(inherited) @executable_path/Frameworks @loader_path/Frameworks";
				PRODUCT_BUNDLE_IDENTIFIER = "yuma-yamamoto.----------UITests";
				PRODUCT_NAME = "$(TARGET_NAME)";
				TEST_TARGET_NAME = "録音アプリ　お試し";
				USES_XCTRUNNER = YES;
			};
			name = Release;
		};
/* End XCBuildConfiguration section */

/* Begin XCConfigurationList section */
		AA07E64E1C523DD300C9AEFC /* Build configuration list for PBXProject "録音アプリ　お試し" */ = {
			isa = XCConfigurationList;
			buildConfigurations = (
				AA07E6791C523DD300C9AEFC /* Debug */,
				AA07E67A1C523DD300C9AEFC /* Release */,
			);
			defaultConfigurationIsVisible = 0;
			defaultConfigurationName = Release;
		};
		AA07E67B1C523DD300C9AEFC /* Build configuration list for PBXNativeTarget "録音アプリ　お試し" */ = {
			isa = XCConfigurationList;
			buildConfigurations = (
				AA07E67C1C523DD300C9AEFC /* Debug */,
				AA07E67D1C523DD300C9AEFC /* Release */,
			);
			defaultConfigurationIsVisible = 0;
		};
		AA07E67E1C523DD300C9AEFC /* Build configuration list for PBXNativeTarget "録音アプリ　お試しTests" */ = {
			isa = XCConfigurationList;
			buildConfigurations = (
				AA07E67F1C523DD300C9AEFC /* Debug */,
				AA07E6801C523DD300C9AEFC /* Release */,
			);
			defaultConfigurationIsVisible = 0;
		};
		AA07E6811C523DD300C9AEFC /* Build configuration list for PBXNativeTarget "録音アプリ　お試しUITests" */ = {
			isa = XCConfigurationList;
			buildConfigurations = (
				AA07E6821C523DD300C9AEFC /* Debug */,
				AA07E6831C523DD300C9AEFC /* Release */,
			);
			defaultConfigurationIsVisible = 0;
		};
/* End XCConfigurationList section */
	};
	rootObject = AA07E64B1C523DD300C9AEFC /* Project object */;
}
